
Microsoft Visual Studio Solution File, Format Version 12.00
# Visual Studio Version 16
VisualStudioVersion = 16.0.30320.27
MinimumVisualStudioVersion = 10.0.40219.1
Project("{9A19103F-16F7-4668-BE54-9A1E7A4F7556}") = "ConsultationITWorld", "ConsultationITWorld.csproj", "{4DE5A5DD-D20C-4A18-8ADE-D5E08359654F}"
EndProject
Global
	GlobalSection(SolutionConfigurationPlatforms) = preSolution
		Debug|Any CPU = Debug|Any CPU
		Release|Any CPU = Release|Any CPU
	EndGlobalSection
	GlobalSection(ProjectConfigurationPlatforms) = postSolution
		{4DE5A5DD-D20C-4A18-8ADE-D5E08359654F}.Debug|Any CPU.ActiveCfg = Debug|Any CPU
		{4DE5A5DD-D20C-4A18-8ADE-D5E08359654F}.Debug|Any CPU.Build.0 = Debug|Any CPU
		{4DE5A5DD-D20C-4A18-8ADE-D5E08359654F}.Release|Any CPU.ActiveCfg = Release|Any CPU
		{4DE5A5DD-D20C-4A18-8ADE-D5E08359654F}.Release|Any CPU.Build.0 = Release|Any CPU
	EndGlobalSection
	GlobalSection(SolutionProperties) = preSolution
		HideSolutionNode = FALSE
	EndGlobalSection
	GlobalSection(ExtensibilityGlobals) = postSolution
		SolutionGuid = {2426517E-A905-4603-A39D-B81E5CAD7B56}
	EndGlobalSection
EndGlobal
